
Microsoft Visual Studio Solution File, Format Version 12.00
# Visual Studio Version 17
VisualStudioVersion = 17.4.33122.133
MinimumVisualStudioVersion = 10.0.40219.1
Project("{FAE04EC0-301F-11D3-BF4B-00C04F79EFBC}") = "Alistıma", "Alistıma\Alistıma.csproj", "{F2E9A9A5-8CF7-4F54-87AB-3BCC5AE9BABA}"
EndProject
Global
	GlobalSection(SolutionConfigurationPlatforms) = preSolution
		Debug|Any CPU = Debug|Any CPU
		Release|Any CPU = Release|Any CPU
	EndGlobalSection
	GlobalSection(ProjectConfigurationPlatforms) = postSolution
		{F2E9A9A5-8CF7-4F54-87AB-3BCC5AE9BABA}.Debug|Any CPU.ActiveCfg = Debug|Any CPU
		{F2E9A9A5-8CF7-4F54-87AB-3BCC5AE9BABA}.Debug|Any CPU.Build.0 = Debug|Any CPU
		{F2E9A9A5-8CF7-4F54-87AB-3BCC5AE9BABA}.Release|Any CPU.ActiveCfg = Release|Any CPU
		{F2E9A9A5-8CF7-4F54-87AB-3BCC5AE9BABA}.Release|Any CPU.Build.0 = Release|Any CPU
	EndGlobalSection
	GlobalSection(SolutionProperties) = preSolution
		HideSolutionNode = FALSE
	EndGlobalSection
	GlobalSection(ExtensibilityGlobals) = postSolution
		SolutionGuid = {E9DEE800-110F-4DFA-9B7B-A48B625B8AF3}
	EndGlobalSection
EndGlobal
